
Microsoft Visual Studio Solution File, Format Version 12.00
# Visual Studio Version 17
VisualStudioVersion = 17.9.34714.143
MinimumVisualStudioVersion = 10.0.40219.1
Project("{FAE04EC0-301F-11D3-BF4B-00C04F79EFBC}") = "WFA_RockPaperScissors", "WFA_RockPaperScissors\WFA_RockPaperScissors.csproj", "{42162A60-093B-4B60-B545-D0B6CE1C6973}"
EndProject
Global
	GlobalSection(SolutionConfigurationPlatforms) = preSolution
		Debug|Any CPU = Debug|Any CPU
		Release|Any CPU = Release|Any CPU
	EndGlobalSection
	GlobalSection(ProjectConfigurationPlatforms) = postSolution
		{42162A60-093B-4B60-B545-D0B6CE1C6973}.Debug|Any CPU.ActiveCfg = Debug|Any CPU
		{42162A60-093B-4B60-B545-D0B6CE1C6973}.Debug|Any CPU.Build.0 = Debug|Any CPU
		{42162A60-093B-4B60-B545-D0B6CE1C6973}.Release|Any CPU.ActiveCfg = Release|Any CPU
		{42162A60-093B-4B60-B545-D0B6CE1C6973}.Release|Any CPU.Build.0 = Release|Any CPU
	EndGlobalSection
	GlobalSection(SolutionProperties) = preSolution
		HideSolutionNode = FALSE
	EndGlobalSection
	GlobalSection(ExtensibilityGlobals) = postSolution
		SolutionGuid = {4EC0EE08-143E-44A7-9BCB-7F3437E64A09}
	EndGlobalSection
EndGlobal
